{
  "name": "vkbd",
  "version": "1.0.0",
  "lockfileVersion": 2,
  "requires": true,
  "packages": {
    "": {
      "name": "vkbd",
      "version": "1.0.0",
      "funding": [
        {
          "type": "patreon",
          "url": "https://patreon.com/indianmodassir"
        },
        {
          "type": "buymeacoffee",
          "url": "https://buymeacoffee.com/indianmodassir"
        }
      ],
      "license": "MIT"
    }
  }
}
